
Microsoft Visual Studio Solution File, Format Version 12.00
# Visual Studio Version 16
VisualStudioVersion = 16.0.29613.14
MinimumVisualStudioVersion = 10.0.40219.1
Project("{FAE04EC0-301F-11D3-BF4B-00C04F79EFBC}") = "DND 4e Sheet", "DND 4e Sheet\DND 4e Sheet.csproj", "{45F55C0A-B638-4886-BA1A-8D0FCADB59E8}"
EndProject
Project("{FAE04EC0-301F-11D3-BF4B-00C04F79EFBC}") = "DND 4e Data", "DND 4e Data\DND 4e Data.csproj", "{A3DAF79A-5D87-4672-B92B-394FDBF41152}"
EndProject
Project("{FAE04EC0-301F-11D3-BF4B-00C04F79EFBC}") = "DND 4e WPF", "DND 4e WPF\DND 4e WPF.csproj", "{2D3EA50F-D7B5-4768-AC89-E51A5F9513A1}"
EndProject
Project("{FAE04EC0-301F-11D3-BF4B-00C04F79EFBC}") = "DND 4e Converter", "DND 4e Converter\DND 4e Converter.csproj", "{C1173FB8-BFC2-478B-BAE2-C66807ECE122}"
EndProject
Project("{FAE04EC0-301F-11D3-BF4B-00C04F79EFBC}") = "Debugger", "Debugger\Debugger.csproj", "{455A5C6E-D653-4D39-9C70-B6D690045EBA}"
EndProject
Global
	GlobalSection(SolutionConfigurationPlatforms) = preSolution
		Debug|Any CPU = Debug|Any CPU
		Release|Any CPU = Release|Any CPU
	EndGlobalSection
	GlobalSection(ProjectConfigurationPlatforms) = postSolution
		{45F55C0A-B638-4886-BA1A-8D0FCADB59E8}.Debug|Any CPU.ActiveCfg = Debug|Any CPU
		{45F55C0A-B638-4886-BA1A-8D0FCADB59E8}.Debug|Any CPU.Build.0 = Debug|Any CPU
		{45F55C0A-B638-4886-BA1A-8D0FCADB59E8}.Release|Any CPU.ActiveCfg = Release|Any CPU
		{45F55C0A-B638-4886-BA1A-8D0FCADB59E8}.Release|Any CPU.Build.0 = Release|Any CPU
		{A3DAF79A-5D87-4672-B92B-394FDBF41152}.Debug|Any CPU.ActiveCfg = Debug|Any CPU
		{A3DAF79A-5D87-4672-B92B-394FDBF41152}.Debug|Any CPU.Build.0 = Debug|Any CPU
		{A3DAF79A-5D87-4672-B92B-394FDBF41152}.Release|Any CPU.ActiveCfg = Release|Any CPU
		{A3DAF79A-5D87-4672-B92B-394FDBF41152}.Release|Any CPU.Build.0 = Release|Any CPU
		{2D3EA50F-D7B5-4768-AC89-E51A5F9513A1}.Debug|Any CPU.ActiveCfg = Debug|Any CPU
		{2D3EA50F-D7B5-4768-AC89-E51A5F9513A1}.Debug|Any CPU.Build.0 = Debug|Any CPU
		{2D3EA50F-D7B5-4768-AC89-E51A5F9513A1}.Release|Any CPU.ActiveCfg = Release|Any CPU
		{2D3EA50F-D7B5-4768-AC89-E51A5F9513A1}.Release|Any CPU.Build.0 = Release|Any CPU
		{C1173FB8-BFC2-478B-BAE2-C66807ECE122}.Debug|Any CPU.ActiveCfg = Debug|Any CPU
		{C1173FB8-BFC2-478B-BAE2-C66807ECE122}.Debug|Any CPU.Build.0 = Debug|Any CPU
		{C1173FB8-BFC2-478B-BAE2-C66807ECE122}.Release|Any CPU.ActiveCfg = Release|Any CPU
		{C1173FB8-BFC2-478B-BAE2-C66807ECE122}.Release|Any CPU.Build.0 = Release|Any CPU
		{455A5C6E-D653-4D39-9C70-B6D690045EBA}.Debug|Any CPU.ActiveCfg = Debug|Any CPU
		{455A5C6E-D653-4D39-9C70-B6D690045EBA}.Debug|Any CPU.Build.0 = Debug|Any CPU
		{455A5C6E-D653-4D39-9C70-B6D690045EBA}.Release|Any CPU.ActiveCfg = Release|Any CPU
		{455A5C6E-D653-4D39-9C70-B6D690045EBA}.Release|Any CPU.Build.0 = Release|Any CPU
	EndGlobalSection
	GlobalSection(SolutionProperties) = preSolution
		HideSolutionNode = FALSE
	EndGlobalSection
	GlobalSection(ExtensibilityGlobals) = postSolution
		SolutionGuid = {9E1F5476-A27B-4763-BF25-9E8C1BC0A961}
	EndGlobalSection
EndGlobal
